{
  "version": 2,
  "dependencies": {
    "net10.0": {
      "Aspire.Hosting.Testing": {
        "type": "Direct",
        "requested": "[9.5.1, )",
        "resolved": "9.5.1",
        "contentHash": "J2CmQ1agnlwMSIWAP2xxtuHnUovdwF4IMQJdSNb6+VrbO3x0jHxABr6RjuIIh0cEq8nUQB8dYCWDzNTEzUu0mw==",
        "dependencies": {
          "AspNetCore.HealthChecks.Uris": "9.0.0",
          "Aspire.Hosting": "9.5.1",
          "Aspire.Hosting.AppHost": "9.5.1",
          "Google.Protobuf": "3.32.0",
          "Grpc.AspNetCore": "2.71.0",
          "Grpc.Net.ClientFactory": "2.71.0",
          "Grpc.Tools": "2.72.0",
          "Humanizer.Core": "2.14.1",
          "JsonPatch.Net": "3.3.0",
          "KubernetesClient": "17.0.14",
          "Microsoft.Extensions.Configuration.Abstractions": "9.0.9",
          "Microsoft.Extensions.Configuration.Binder": "9.0.9",
          "Microsoft.Extensions.DependencyInjection.Abstractions": "9.0.9",
          "Microsoft.Extensions.DependencyInjection.AutoActivation": "9.9.0",
          "Microsoft.Extensions.Diagnostics.HealthChecks": "9.0.9",
          "Microsoft.Extensions.Hosting": "9.0.9",
          "Microsoft.Extensions.Hosting.Abstractions": "9.0.9",
          "Microsoft.Extensions.Http": "9.0.9",
          "Microsoft.Extensions.Http.Resilience": "9.9.0",
          "Microsoft.Extensions.Logging.Abstractions": "9.0.9",
          "Microsoft.Extensions.Options": "9.0.9",
          "Microsoft.Extensions.Primitives": "9.0.9",
          "Newtonsoft.Json": "13.0.3",
          "Polly.Core": "8.6.3",
          "Polly.Extensions": "8.6.3",
          "Semver": "3.0.0",
          "StreamJsonRpc": "2.22.11",
          "System.IO.Hashing": "9.0.8"
        }
      },
      "coverlet.collector": {
        "type": "Direct",
        "requested": "[6.0.4, )",
        "resolved": "6.0.4",
        "contentHash": "lkhqpF8Pu2Y7IiN7OntbsTtdbpR1syMsm2F3IgX6ootA4ffRqWL5jF7XipHuZQTdVuWG/gVAAcf8mjk8Tz0xPg=="
      },
      "Microsoft.NET.Test.Sdk": {
        "type": "Direct",
        "requested": "[18.0.0, )",
        "resolved": "18.0.0",
        "contentHash": "bvxj2Asb7nT+tqOFFerrhQeEjUYLwx0Poi0Rznu63WbqN+A4uDn1t5NWXfAOOQsF6lpmK6N2v+Vvgso7KWZS7g==",
        "dependencies": {
          "Microsoft.CodeCoverage": "18.0.0",
          "Microsoft.TestPlatform.TestHost": "18.0.0"
        }
      },
      "Shouldly.Json": {
        "type": "Direct",
        "requested": "[0.6.1, )",
        "resolved": "0.6.1",
        "contentHash": "W0qyX+nBC/VtV+xXgn69iOUXnku/OCx9PVJ2QPibq3Pwj79tAGk+aaLDHV5S6lrj48kUFTLQlBDlDLye+a1vLA==",
        "dependencies": {
          "Json.More.Net": "2.1.3",
          "JsonPointer.Net": "5.3.1",
          "JsonSchema.Net": "7.4.0",
          "Shouldly": "4.3.0"
        }
      },
      "xunit.runner.visualstudio": {
        "type": "Direct",
        "requested": "[3.1.5, )",
        "resolved": "3.1.5",
        "contentHash": "tKi7dSTwP4m5m9eXPM2Ime4Kn7xNf4x4zT9sdLO/G4hZVnQCRiMTWoSZqI/pYTVeI27oPPqHBKYI/DjJ9GsYgA=="
      },
      "xunit.v3": {
        "type": "Direct",
        "requested": "[3.1.0, )",
        "resolved": "3.1.0",
        "contentHash": "fyPBoHfdFr3udiylMo7Soo8j6HO0yHhthZkHT4hlszhXBJPRoSzXesqD8PcGkhnASiOxgjh8jOmJPKBTMItoyA==",
        "dependencies": {
          "xunit.analyzers": "1.24.0",
          "xunit.v3.assert": "[3.1.0]",
          "xunit.v3.core": "[3.1.0]"
        }
      },
      "Aspire.Dashboard.Sdk.win-x64": {
        "type": "Transitive",
        "resolved": "9.5.1",
        "contentHash": "Zs68NyitFQBZ7QttAxvFS5nrCy/KL1uuCi4aBr96vGr3KhXMue05rU8wMIwhwPLj49nxSE8mk1yJ12KC/Vk8mw=="
      },
      "Aspire.Hosting": {
        "type": "Transitive",
        "resolved": "9.5.1",
        "contentHash": "il7frwManbUV/ZnQXkgcYxULO/Nct0C3bGHuNFDxBroWE5Q9FShqcARfmLDHJvKDsiN1+SLc67ySpKY+rQrpzg==",
        "dependencies": {
          "AspNetCore.HealthChecks.Uris": "9.0.0",
          "Google.Protobuf": "3.32.0",
          "Grpc.AspNetCore": "2.71.0",
          "Grpc.Net.ClientFactory": "2.71.0",
          "Grpc.Tools": "2.72.0",
          "Humanizer.Core": "2.14.1",
          "JsonPatch.Net": "3.3.0",
          "KubernetesClient": "17.0.14",
          "Microsoft.Extensions.Configuration.Abstractions": "8.0.0",
          "Microsoft.Extensions.Configuration.Binder": "8.0.2",
          "Microsoft.Extensions.DependencyInjection.Abstractions": "8.0.2",
          "Microsoft.Extensions.Diagnostics.HealthChecks": "8.0.20",
          "Microsoft.Extensions.Hosting": "8.0.1",
          "Microsoft.Extensions.Hosting.Abstractions": "8.0.1",
          "Microsoft.Extensions.Http": "8.0.1",
          "Microsoft.Extensions.Logging.Abstractions": "8.0.3",
          "Microsoft.Extensions.Options": "8.0.2",
          "Microsoft.Extensions.Primitives": "8.0.0",
          "Newtonsoft.Json": "13.0.3",
          "Polly.Core": "8.6.3",
          "Semver": "3.0.0",
          "StreamJsonRpc": "2.22.11",
          "System.IO.Hashing": "9.0.8"
        }
      },
      "Aspire.Hosting.Orchestration.win-x64": {
        "type": "Transitive",
        "resolved": "9.5.1",
        "contentHash": "PeA/eXDehbwoIGDG8cPXsje4pViGCO2ltHXCZqRaSmyF51pjUsHjs3fN0kFXF0sN10PznjaUyoiRFNtQX3/kLQ=="
      },
      "AspNetCore.HealthChecks.Uris": {
        "type": "Transitive",
        "resolved": "9.0.0",
        "contentHash": "XYdNlA437KeF8p9qOpZFyNqAN+c0FXt/JjTvzH/Qans0q0O3pPE8KPnn39ucQQjR/Roum1vLTP3kXiUs8VHyuA==",
        "dependencies": {
          "Microsoft.Extensions.Diagnostics.HealthChecks": "8.0.11",
          "Microsoft.Extensions.Http": "8.0.0"
        }
      },
      "DiffEngine": {
        "type": "Transitive",
        "resolved": "11.3.0",
        "contentHash": "k0ZgZqd09jLZQjR8FyQbSQE86Q7QZnjEzq1LPHtj1R2AoWO8sjV5x+jlSisL7NZAbUOI4y+7Bog8gkr9WIRBGw==",
        "dependencies": {
          "EmptyFiles": "4.4.0",
          "System.Management": "6.0.1"
        }
      },
      "EmptyFiles": {
        "type": "Transitive",
        "resolved": "4.4.0",
        "contentHash": "gwJEfIGS7FhykvtZoscwXj/XwW+mJY6UbAZk+qtLKFUGWC95kfKXnj8VkxsZQnWBxJemM/q664rGLN5nf+OHZw=="
      },
      "Fractions": {
        "type": "Transitive",
        "resolved": "7.3.0",
        "contentHash": "2bETFWLBc8b7Ut2SVi+bxhGVwiSpknHYGBh2PADyGWONLkTxT7bKyDRhF8ao+XUv90tq8Fl7GTPxSI5bacIRJw=="
      },
      "Google.Protobuf": {
        "type": "Transitive",
        "resolved": "3.32.0",
        "contentHash": "fsKxV5bhcvXmZi+cUo5+IxzRMBHwHeFO8G5utNa9f+Mu37kmfy8JcUVvWPt4cX7EuQWAjjHUjZqVl7nGSTRHRg=="
      },
      "Grpc.AspNetCore": {
        "type": "Transitive",
        "resolved": "2.71.0",
        "contentHash": "B4wAbNtAuHNiHAMxLFWL74wUElzNOOboFnypalqpX76piCOGz/w5FpilbVVYGboI4Qgl4ZmZsvDZ1zLwHNsjnw==",
        "dependencies": {
          "Google.Protobuf": "3.30.2",
          "Grpc.AspNetCore.Server.ClientFactory": "2.71.0",
          "Grpc.Tools": "2.71.0"
        }
      },
      "Grpc.AspNetCore.Server": {
        "type": "Transitive",
        "resolved": "2.71.0",
        "contentHash": "kv+9YVB6MqDYWIcstXvWrT7Xc1si/sfINzzSxvQfjC3aei+92gXDUXCH/Q+TEvi4QSICRqu92BYcrXUBW7cuOw==",
        "dependencies": {
          "Grpc.Net.Common": "2.71.0"
        }
      },
      "Grpc.AspNetCore.Server.ClientFactory": {
        "type": "Transitive",
        "resolved": "2.71.0",
        "contentHash": "AHvMxoC+esO1e/nOYBjxvn0WDHAfglcVBjtkBy6ohgnV+PzkF8UdkPHE02xnyPFaSokWGZKnWzjgd00x6EZpyQ==",
        "dependencies": {
          "Grpc.AspNetCore.Server": "2.71.0",
          "Grpc.Net.ClientFactory": "2.71.0"
        }
      },
      "Grpc.Core.Api": {
        "type": "Transitive",
        "resolved": "2.71.0",
        "contentHash": "QquqUC37yxsDzd1QaDRsH2+uuznWPTS8CVE2Yzwl3CvU4geTNkolQXoVN812M2IwT6zpv3jsZRc9ExJFNFslTg=="
      },
      "Grpc.Net.Client": {
        "type": "Transitive",
        "resolved": "2.71.0",
        "contentHash": "U1vr20r5ngoT9nlb7wejF28EKN+taMhJsV9XtK9MkiepTZwnKxxiarriiMfCHuDAfPUm9XUjFMn/RIuJ4YY61w==",
        "dependencies": {
          "Grpc.Net.Common": "2.71.0",
          "Microsoft.Extensions.Logging.Abstractions": "6.0.0"
        }
      },
      "Grpc.Net.ClientFactory": {
        "type": "Transitive",
        "resolved": "2.71.0",
        "contentHash": "8oPLwQLPo86fmcf9ghjCDyNsSWhtHc3CXa/AqwF8Su/pG7qAoeWWtbymsZhoNvCV9Zjzb6BDcIPKXLYt+O175g==",
        "dependencies": {
          "Grpc.Net.Client": "2.71.0",
          "Microsoft.Extensions.Http": "6.0.0"
        }
      },
      "Grpc.Net.Common": {
        "type": "Transitive",
        "resolved": "2.71.0",
        "contentHash": "v0c8R97TwRYwNXlC8GyRXwYTCNufpDfUtj9la+wUrZFzVWkFJuNAltU+c0yI3zu0jl54k7en6u2WKgZgd57r2Q==",
        "dependencies": {
          "Grpc.Core.Api": "2.71.0"
        }
      },
      "Grpc.Tools": {
        "type": "Transitive",
        "resolved": "2.72.0",
        "contentHash": "BCiuQ03EYjLHCo9hqZmY5barsz5vvcz/+/ICt5wCbukaePHZmMPDGelKlkxWx3q+f5xOMNHa9zXQ2N6rQZ4B+w=="
      },
      "Humanizer.Core": {
        "type": "Transitive",
        "resolved": "2.14.1",
        "contentHash": "lQKvtaTDOXnoVJ20ibTuSIOf2i0uO0MPbDhd1jm238I+U/2ZnRENj0cktKZhtchBMtCUSRQ5v4xBCUbKNmyVMw=="
      },
      "Json.More.Net": {
        "type": "Transitive",
        "resolved": "2.1.3",
        "contentHash": "Jr0lXIG7MRAO/gW+saOHpnYqermO+1ZHZtXesVFxZLs5MPzanojF8boQ3IPqIdNi+GcuV8mjsg+K4e28lAdlTA=="
      },
      "JsonPatch.Net": {
        "type": "Transitive",
        "resolved": "3.3.0",
        "contentHash": "GIcMMDtzfzVfIpQgey8w7dhzcw6jG5nD4DDAdQCTmHfblkCvN7mI8K03to8YyUhKMl4PTR6D6nLSvWmyOGFNTg==",
        "dependencies": {
          "JsonPointer.Net": "5.2.0"
        }
      },
      "JsonPointer.Net": {
        "type": "Transitive",
        "resolved": "5.3.1",
        "contentHash": "3e2OJjU0OaE26XC/klgxbJuXvteFWTDJIJv0ITYWcJEoskq7jzUwPSC1s0iz4wPPQnfN7vwwFmg2gJfwRAPwgw==",
        "dependencies": {
          "Humanizer.Core": "2.14.1",
          "Json.More.Net": "2.1.1"
        }
      },
      "JsonSchema.Net": {
        "type": "Transitive",
        "resolved": "7.4.0",
        "contentHash": "5T3DWENwuCzLwFWz0qjXXVWA8+5+gC95OLkhqUBWpVpWBMr9gwfhWNeX8rWyr+fLQ7pIQ+lWuHIrmXRudxOOSw==",
        "dependencies": {
          "JsonPointer.Net": "5.3.1"
        }
      },
      "KubernetesClient": {
        "type": "Transitive",
        "resolved": "17.0.14",
        "contentHash": "FMGWjGtN8WEUKAAQxs96PK2tYvPrvwhoJzay/6HiByVTvHoJ0i9u7ykvYb7E3vLTSlfv26Q2Ktxr41zYCppu8A==",
        "dependencies": {
          "Fractions": "7.3.0",
          "YamlDotNet": "16.3.0"
        }
      },
      "MessagePack": {
        "type": "Transitive",
        "resolved": "2.5.192",
        "contentHash": "Jtle5MaFeIFkdXtxQeL9Tu2Y3HsAQGoSntOzrn6Br/jrl6c8QmG22GEioT5HBtZJR0zw0s46OnKU8ei2M3QifA==",
        "dependencies": {
          "MessagePack.Annotations": "2.5.192",
          "Microsoft.NET.StringTools": "17.6.3"
        }
      },
      "MessagePack.Annotations": {
        "type": "Transitive",
        "resolved": "2.5.192",
        "contentHash": "jaJuwcgovWIZ8Zysdyf3b7b34/BrADw4v82GaEZymUhDd3ScMPrYd/cttekeDteJJPXseJxp04yTIcxiVUjTWg=="
      },
      "Microsoft.Bcl.AsyncInterfaces": {
        "type": "Transitive",
        "resolved": "6.0.0",
        "contentHash": "UcSjPsst+DfAdJGVDsu346FX0ci0ah+lw3WRtn18NUwEqRt70HaOQ7lI72vy3+1LxtqI3T5GWwV39rQSrCzAeg=="
      },
      "Microsoft.CodeCoverage": {
        "type": "Transitive",
        "resolved": "18.0.0",
        "contentHash": "DFPhMrsIofgJ1DDU3ModqqRArDm15/bNl4ecmcuBspZkZ4ONYnCC0R8U27WzK7cYv6r8l6Q/fRmvg7cb+I/dJA=="
      },
      "Microsoft.Extensions.AmbientMetadata.Application": {
        "type": "Transitive",
        "resolved": "9.10.0",
        "contentHash": "ndm/eoOzk61Csn+ojv5z3Kt7YWAdUNR8ruFaf1b69kSbeqDPoV96f1GR1OWTIrCN9bm83V8CSkhvnnG+LrLTvg==",
        "dependencies": {
          "Microsoft.Extensions.Configuration": "9.0.10",
          "Microsoft.Extensions.Hosting.Abstractions": "9.0.10",
          "Microsoft.Extensions.Options.ConfigurationExtensions": "9.0.10"
        }
      },
      "Microsoft.Extensions.Compliance.Abstractions": {
        "type": "Transitive",
        "resolved": "9.10.0",
        "contentHash": "Tgu40iIg2Kr8s+BoOhb8r8kQfcagwm1VnpnMZA9fd/sD8Hlj13cNpyCfLRrYEBP+VmfmaoficQvRNEUqH+F4mw==",
        "dependencies": {
          "Microsoft.Extensions.DependencyInjection.Abstractions": "9.0.10",
          "Microsoft.Extensions.ObjectPool": "9.0.10"
        }
      },
      "Microsoft.Extensions.Configuration": {
        "type": "Transitive",
        "resolved": "9.0.10",
        "contentHash": "UAm3SLGAMlJdowbN+/xnh2UGJkdJoXVm4MsdhZ60dAMS8jteoyCx5WfIab5DKv0TCYpdhVecLJVUjEO3abs9UQ==",
        "dependencies": {
          "Microsoft.Extensions.Configuration.Abstractions": "9.0.10",
          "Microsoft.Extensions.Primitives": "9.0.10"
        }
      },
      "Microsoft.Extensions.Configuration.Abstractions": {
        "type": "Transitive",
        "resolved": "9.0.10",
        "contentHash": "ad3JxmFj0uxuFa1CT6oxTCC1lQ0xeRuOvzBRFT/I/ofIXVOnNsH/v2GZkAJWhlpZqKUvSexQZzp3EEAB2CdtJg==",
        "dependencies": {
          "Microsoft.Extensions.Primitives": "9.0.10"
        }
      },
      "Microsoft.Extensions.Configuration.Binder": {
        "type": "Transitive",
        "resolved": "9.0.10",
        "contentHash": "D6Kng+9I+w1SQPxJybc6wzw9nnnyUQPutycjtI0svv1RHaWOpUk9PPlwIRfhhoQZ3yihejkEI2wNv/7VnVtkGA==",
        "dependencies": {
          "Microsoft.Extensions.Configuration.Abstractions": "9.0.10"
        }
      },
      "Microsoft.Extensions.Configuration.CommandLine": {
        "type": "Transitive",
        "resolved": "9.0.9",
        "contentHash": "9bzGOcHoTi8ijrj0MHh5qUY6n9CuittZUqEOj5iE0ZJoSCfG0BI9nhcpd8MC9bOOgjZW5OeizKO8rgta9lSVyA==",
        "dependencies": {
          "Microsoft.Extensions.Configuration": "9.0.9",
          "Microsoft.Extensions.Configuration.Abstractions": "9.0.9"
        }
      },
      "Microsoft.Extensions.Configuration.EnvironmentVariables": {
        "type": "Transitive",
        "resolved": "9.0.9",
        "contentHash": "AB8suTh4STAMGDkPer5vL0YNp09eplvbkIbOfFJ1z8D1zOiFF8Hipk9FhCLU4Ea6TosWmGrK30ZIUO9KvAeFcg==",
        "dependencies": {
          "Microsoft.Extensions.Configuration": "9.0.9",
          "Microsoft.Extensions.Configuration.Abstractions": "9.0.9"
        }
      },
      "Microsoft.Extensions.Configuration.FileExtensions": {
        "type": "Transitive",
        "resolved": "9.0.9",
        "contentHash": "fvgubCs++wTowHWuQ5TAyZV0S6ldA59U+tBVqFr4/WLd0oEf6ESbdBN2CFaVdn4sZqnarqMnl2O3++RG/Jrf/w==",
        "dependencies": {
          "Microsoft.Extensions.Configuration": "9.0.9",
          "Microsoft.Extensions.Configuration.Abstractions": "9.0.9",
          "Microsoft.Extensions.FileProviders.Abstractions": "9.0.9",
          "Microsoft.Extensions.FileProviders.Physical": "9.0.9",
          "Microsoft.Extensions.Primitives": "9.0.9"
        }
      },
      "Microsoft.Extensions.Configuration.Json": {
        "type": "Transitive",
        "resolved": "9.0.9",
        "contentHash": "PiPYo1GTinR2ECM80zYdZUIFmde6jj5DryXUcOJg3yIjh+KQMQr42e+COD03QUsUiqNkJk511wVTnVpTm2AVZA==",
        "dependencies": {
          "Microsoft.Extensions.Configuration": "9.0.9",
          "Microsoft.Extensions.Configuration.Abstractions": "9.0.9",
          "Microsoft.Extensions.Configuration.FileExtensions": "9.0.9",
          "Microsoft.Extensions.FileProviders.Abstractions": "9.0.9"
        }
      },
      "Microsoft.Extensions.Configuration.UserSecrets": {
        "type": "Transitive",
        "resolved": "9.0.9",
        "contentHash": "bFaNxfU8gQJX3K/Dd6XT0YIJ5ZVihdAY6Z02p2nVTUHjUsaWflLIucZOgB/ecSNnN3zbbBEf1oFC7q5NHTZIHw==",
        "dependencies": {
          "Microsoft.Extensions.Configuration.Abstractions": "9.0.9",
          "Microsoft.Extensions.Configuration.Json": "9.0.9",
          "Microsoft.Extensions.FileProviders.Abstractions": "9.0.9",
          "Microsoft.Extensions.FileProviders.Physical": "9.0.9"
        }
      },
      "Microsoft.Extensions.DependencyInjection": {
        "type": "Transitive",
        "resolved": "9.0.10",
        "contentHash": "iEtXCkNd5XhjNJAOb/wO4IhDRdLIE2CsPxZggZQWJ/q2+sa8dmEPC393nnsiqdH8/4KV8Xn25IzgKPR1UEQ0og==",
        "dependencies": {
          "Microsoft.Extensions.DependencyInjection.Abstractions": "9.0.10"
        }
      },
      "Microsoft.Extensions.DependencyInjection.Abstractions": {
        "type": "Transitive",
        "resolved": "9.0.10",
        "contentHash": "r9waLiOPe9ZF1PvzUT+RDoHvpMmY8MW+lb4lqjYGObwKpnyPMLI3odVvlmshwuZcdoHynsGWOrCPA0hxZ63lIA=="
      },
      "Microsoft.Extensions.DependencyInjection.AutoActivation": {
        "type": "Transitive",
        "resolved": "9.10.0",
        "contentHash": "qk5+lY0MUl7Y77TjM6HzfQPOY4CqoTg281OddyDC5iU2hf+cIxhx0VbNuJH77vqB6qyCP1OsuQmCzvlpf9yxBQ==",
        "dependencies": {
          "Microsoft.Extensions.Hosting.Abstractions": "9.0.10"
        }
      },
      "Microsoft.Extensions.Diagnostics": {
        "type": "Transitive",
        "resolved": "9.0.10",
        "contentHash": "01x2vz0AbIdfNUzEVYFq2HSeq1BmrSDpiG7nTmwjfd0d39sahQ8T7dhSXhH+YnZyaLWyMBudOq0vVa/voyNWjg==",
        "dependencies": {
          "Microsoft.Extensions.Configuration": "9.0.10",
          "Microsoft.Extensions.Diagnostics.Abstractions": "9.0.10",
          "Microsoft.Extensions.Options.ConfigurationExtensions": "9.0.10"
        }
      },
      "Microsoft.Extensions.Diagnostics.Abstractions": {
        "type": "Transitive",
        "resolved": "9.0.10",
        "contentHash": "iwVnYi+gNKrr5riw8YFCoLCN4s0dmHtzfUmV99RIhrz8R4d6C/bsKzXhIhZWDIxJOhVzB+idSOQeRGj1/oMF+Q==",
        "dependencies": {
          "Microsoft.Extensions.DependencyInjection.Abstractions": "9.0.10",
          "Microsoft.Extensions.Options": "9.0.10"
        }
      },
      "Microsoft.Extensions.Diagnostics.ExceptionSummarization": {
        "type": "Transitive",
        "resolved": "9.10.0",
        "contentHash": "SRJgt408OA/+v2o47Kjx8Wf+rbCJMmTsbsnkuzVzeP9xfcn4dIoMJXLCKiRlDNzJ3pXLYrXmkyOSY81BehoVHw==",
        "dependencies": {
          "Microsoft.Extensions.DependencyInjection.Abstractions": "9.0.10"
        }
      },
      "Microsoft.Extensions.Diagnostics.HealthChecks": {
        "type": "Transitive",
        "resolved": "9.0.9",
        "contentHash": "pjNYR7BsjD6PS4K7Bef1sW/fRJtWZlwAtRoxppn0jEfJDAaCyCQddhIdCSxGBnyoob4eObT64W/DvFJGms6mQw==",
        "dependencies": {
          "Microsoft.Extensions.Diagnostics.HealthChecks.Abstractions": "9.0.9",
          "Microsoft.Extensions.Hosting.Abstractions": "9.0.9",
          "Microsoft.Extensions.Logging.Abstractions": "9.0.9",
          "Microsoft.Extensions.Options": "9.0.9"
        }
      },
      "Microsoft.Extensions.Diagnostics.HealthChecks.Abstractions": {
        "type": "Transitive",
        "resolved": "9.0.9",
        "contentHash": "6zgF8Fu8HvMxpo9imgBtasDJzb+KwSM9yrQ4vPwKfKpR1knAc+mbxUGQzM1V/d2nhxMs7DvjYGmcFW06eIkSLQ=="
      },
      "Microsoft.Extensions.Features": {
        "type": "Transitive",
        "resolved": "8.0.20",
        "contentHash": "3YCswjRwDom5KEyCfdPfyfKxKOVXairlyjNLJ48BG1YIs6GP2RNbK36rZY7myOkW64kjAaZTXMY7ruscqasDew=="
      },
      "Microsoft.Extensions.FileProviders.Abstractions": {
        "type": "Transitive",
        "resolved": "9.0.10",
        "contentHash": "3+cLxZKUWBbpfIXLLuKcEok9C91PsV1h5xxfUsEnLSXXLNMiPDfrhpb1xajNFcejFPs9Ck/Fi3z71hYDqFBwYg==",
        "dependencies": {
          "Microsoft.Extensions.Primitives": "9.0.10"
        }
      },
      "Microsoft.Extensions.FileProviders.Physical": {
        "type": "Transitive",
        "resolved": "9.0.9",
        "contentHash": "sRrPtEwbK23OCFOQ36Xn6ofiB0/nl54/BOdR7lJ/Vwg3XlyvUdmyXvFUS1EU5ltn+sQtbcPuy1l0hsysO8++SQ==",
        "dependencies": {
          "Microsoft.Extensions.FileProviders.Abstractions": "9.0.9",
          "Microsoft.Extensions.FileSystemGlobbing": "9.0.9",
          "Microsoft.Extensions.Primitives": "9.0.9"
        }
      },
      "Microsoft.Extensions.FileSystemGlobbing": {
        "type": "Transitive",
        "resolved": "9.0.9",
        "contentHash": "iQAgORaVIlkhcpxFnVEfjqNWfQCwBEEH7x2IanTwGafA6Tb4xiBoDWySTxUo3MV2NUV/PmwS/8OhT/elPnJCnw=="
      },
      "Microsoft.Extensions.Hosting": {
        "type": "Transitive",
        "resolved": "9.0.9",
        "contentHash": "DmRsWH3g8yZGho/pLQ79hxhM2ctE1eDTZ/HbAnrD/uw8m+P2pRRJOoBVxlrhbhMP3/y3oAJoy0yITasfmilbTg==",
        "dependencies": {
          "Microsoft.Extensions.Configuration": "9.0.9",
          "Microsoft.Extensions.Configuration.Abstractions": "9.0.9",
          "Microsoft.Extensions.Configuration.Binder": "9.0.9",
          "Microsoft.Extensions.Configuration.CommandLine": "9.0.9",
          "Microsoft.Extensions.Configuration.EnvironmentVariables": "9.0.9",
          "Microsoft.Extensions.Configuration.FileExtensions": "9.0.9",
          "Microsoft.Extensions.Configuration.Json": "9.0.9",
          "Microsoft.Extensions.Configuration.UserSecrets": "9.0.9",
          "Microsoft.Extensions.DependencyInjection": "9.0.9",
          "Microsoft.Extensions.DependencyInjection.Abstractions": "9.0.9",
          "Microsoft.Extensions.Diagnostics": "9.0.9",
          "Microsoft.Extensions.FileProviders.Abstractions": "9.0.9",
          "Microsoft.Extensions.FileProviders.Physical": "9.0.9",
          "Microsoft.Extensions.Hosting.Abstractions": "9.0.9",
          "Microsoft.Extensions.Logging": "9.0.9",
          "Microsoft.Extensions.Logging.Abstractions": "9.0.9",
          "Microsoft.Extensions.Logging.Configuration": "9.0.9",
          "Microsoft.Extensions.Logging.Console": "9.0.9",
          "Microsoft.Extensions.Logging.Debug": "9.0.9",
          "Microsoft.Extensions.Logging.EventLog": "9.0.9",
          "Microsoft.Extensions.Logging.EventSource": "9.0.9",
          "Microsoft.Extensions.Options": "9.0.9"
        }
      },
      "Microsoft.Extensions.Hosting.Abstractions": {
        "type": "Transitive",
        "resolved": "9.0.10",
        "contentHash": "spfXydiEQENFwxdgr3Y57wwys/FRjfmq5VjHGPh6ct1FJK7X+qNEWYbnZJCMqq0B0oJTMvnItAReOv4mi2Idog==",
        "dependencies": {
          "Microsoft.Extensions.Configuration.Abstractions": "9.0.10",
          "Microsoft.Extensions.DependencyInjection.Abstractions": "9.0.10",
          "Microsoft.Extensions.Diagnostics.Abstractions": "9.0.10",
          "Microsoft.Extensions.FileProviders.Abstractions": "9.0.10",
          "Microsoft.Extensions.Logging.Abstractions": "9.0.10"
        }
      },
      "Microsoft.Extensions.Http": {
        "type": "Transitive",
        "resolved": "9.0.10",
        "contentHash": "Xg+P2o+fUyI38up8lpT2M/xNnSMc1M49nN42NcfJHGn5gUrpEHOg9XopcYMM6BOgglCcnYtT6PAb1aASPNA/4A==",
        "dependencies": {
          "Microsoft.Extensions.Configuration.Abstractions": "9.0.10",
          "Microsoft.Extensions.DependencyInjection.Abstractions": "9.0.10",
          "Microsoft.Extensions.Diagnostics": "9.0.10",
          "Microsoft.Extensions.Logging": "9.0.10",
          "Microsoft.Extensions.Logging.Abstractions": "9.0.10",
          "Microsoft.Extensions.Options": "9.0.10"
        }
      },
      "Microsoft.Extensions.Http.Diagnostics": {
        "type": "Transitive",
        "resolved": "9.10.0",
        "contentHash": "3IJjOPm4CRmv7zzjPV+RCyvS4kWJ9BNr1k/MWgRTQds6LcIhAgwh+ToZ8O4fKMFlme0EGLvTm27ARKqp468pQw==",
        "dependencies": {
          "Microsoft.Extensions.Http": "9.0.10",
          "Microsoft.Extensions.Telemetry": "9.10.0"
        }
      },
      "Microsoft.Extensions.Logging": {
        "type": "Transitive",
        "resolved": "9.0.10",
        "contentHash": "UBXHqE9vyptVhaFnT1R7YJKCve7TqVI10yjjUZBNGMlW2lZ4c031Slt9hxsOzWCzlpPxxIFyf1Yk4a6Iubxx7w==",
        "dependencies": {
          "Microsoft.Extensions.DependencyInjection": "9.0.10",
          "Microsoft.Extensions.Logging.Abstractions": "9.0.10",
          "Microsoft.Extensions.Options": "9.0.10"
        }
      },
      "Microsoft.Extensions.Logging.Abstractions": {
        "type": "Transitive",
        "resolved": "9.0.10",
        "contentHash": "MFUPv/nN1rAQ19w43smm6bbf0JDYN/1HEPHoiMYY50pvDMFpglzWAuoTavByDmZq7UuhjaxwrET3joU69ZHoHQ==",
        "dependencies": {
          "Microsoft.Extensions.DependencyInjection.Abstractions": "9.0.10"
        }
      },
      "Microsoft.Extensions.Logging.Configuration": {
        "type": "Transitive",
        "resolved": "9.0.10",
        "contentHash": "qwTRpxrmLOXZrbgQHRZ9wS2AtVa/61DFIYk8k1rBCCgA5qW0MBxxQC4BjkaI0wSoHHOv/IUXBeFNK+Y59qe/Ug==",
        "dependencies": {
          "Microsoft.Extensions.Configuration": "9.0.10",
          "Microsoft.Extensions.Configuration.Abstractions": "9.0.10",
          "Microsoft.Extensions.Configuration.Binder": "9.0.10",
          "Microsoft.Extensions.DependencyInjection.Abstractions": "9.0.10",
          "Microsoft.Extensions.Logging": "9.0.10",
          "Microsoft.Extensions.Logging.Abstractions": "9.0.10",
          "Microsoft.Extensions.Options": "9.0.10",
          "Microsoft.Extensions.Options.ConfigurationExtensions": "9.0.10"
        }
      },
      "Microsoft.Extensions.Logging.Console": {
        "type": "Transitive",
        "resolved": "9.0.9",
        "contentHash": "x3+W7IfW9Tg3sV+sU9N1039M4CqklaAecwhz9qNtjOCBdmg7h96JaL+NAvhYgZgweVJTJaxAvuO8I+ZZehE7Pg==",
        "dependencies": {
          "Microsoft.Extensions.DependencyInjection.Abstractions": "9.0.9",
          "Microsoft.Extensions.Logging": "9.0.9",
          "Microsoft.Extensions.Logging.Abstractions": "9.0.9",
          "Microsoft.Extensions.Logging.Configuration": "9.0.9",
          "Microsoft.Extensions.Options": "9.0.9"
        }
      },
      "Microsoft.Extensions.Logging.Debug": {
        "type": "Transitive",
        "resolved": "9.0.9",
        "contentHash": "q8IbjIzTjfaGfuf9LAuG3X9BytAWj2hWhLU61rEkit847oaSSbcdx/yybY3yL9RgVG1u9ctk7kbCv18M+7Fi6Q==",
        "dependencies": {
          "Microsoft.Extensions.DependencyInjection.Abstractions": "9.0.9",
          "Microsoft.Extensions.Logging": "9.0.9",
          "Microsoft.Extensions.Logging.Abstractions": "9.0.9"
        }
      },
      "Microsoft.Extensions.Logging.EventLog": {
        "type": "Transitive",
        "resolved": "9.0.9",
        "contentHash": "1SX5+mv16SBb5NrtLNxIvUt8PHbdvDloZazQdxz1CNM39jG7yeF6olH3sceQ4ONF0oVD5mVUsTag0iVX4xgyog==",
        "dependencies": {
          "Microsoft.Extensions.DependencyInjection.Abstractions": "9.0.9",
          "Microsoft.Extensions.Logging": "9.0.9",
          "Microsoft.Extensions.Logging.Abstractions": "9.0.9",
          "Microsoft.Extensions.Options": "9.0.9",
          "System.Diagnostics.EventLog": "9.0.9"
        }
      },
      "Microsoft.Extensions.Logging.EventSource": {
        "type": "Transitive",
        "resolved": "9.0.9",
        "contentHash": "rGQi5mImot7tTFxj1tQWknWjOBHX1+gsX1WLmQNl5WHr4Sx1kXUBGDuRUjfx4c8pe/hcYHdalAmgk7RdusW6Jw==",
        "dependencies": {
          "Microsoft.Extensions.DependencyInjection.Abstractions": "9.0.9",
          "Microsoft.Extensions.Logging": "9.0.9",
          "Microsoft.Extensions.Logging.Abstractions": "9.0.9",
          "Microsoft.Extensions.Options": "9.0.9",
          "Microsoft.Extensions.Primitives": "9.0.9"
        }
      },
      "Microsoft.Extensions.ObjectPool": {
        "type": "Transitive",
        "resolved": "9.0.10",
        "contentHash": "tw0jYoEdRp2AQMBYTkdCy0OKWcNaazaFQgo4KzdayTkX2N00g2hAacGd9mls4nBz6clP+87eeD0ucWyDrz+VKg=="
      },
      "Microsoft.Extensions.Options": {
        "type": "Transitive",
        "resolved": "9.0.10",
        "contentHash": "zMNABt8eBv0B0XrWjFy9nZNgddavaOeq3ZdaD5IlHhRH65MrU7HM+Hd8GjWE3e2VDGFPZFfSAc6XVXC17f9fOA==",
        "dependencies": {
          "Microsoft.Extensions.DependencyInjection.Abstractions": "9.0.10",
          "Microsoft.Extensions.Primitives": "9.0.10"
        }
      },
      "Microsoft.Extensions.Options.ConfigurationExtensions": {
        "type": "Transitive",
        "resolved": "9.0.10",
        "contentHash": "wLsf2TyVFFxWQPv0PRJj365it1ngIt8utlHJWSZ9OJ2k+NDa/PtBIRsGlF/NkoLwm1m+1vOePNl2MiKfk6lYfQ==",
        "dependencies": {
          "Microsoft.Extensions.Configuration.Abstractions": "9.0.10",
          "Microsoft.Extensions.Configuration.Binder": "9.0.10",
          "Microsoft.Extensions.DependencyInjection.Abstractions": "9.0.10",
          "Microsoft.Extensions.Options": "9.0.10",
          "Microsoft.Extensions.Primitives": "9.0.10"
        }
      },
      "Microsoft.Extensions.Primitives": {
        "type": "Transitive",
        "resolved": "9.0.10",
        "contentHash": "3pl8D1O5ZwMpDkZAT2uXrhQ6NipkwEgDLMFuURiHTf72TvkoMP61QYH3Vk1yrzVHnHBdNZk3cQACz8Zc7YGNhQ=="
      },
      "Microsoft.Extensions.Resilience": {
        "type": "Transitive",
        "resolved": "9.10.0",
        "contentHash": "tNptjYbHq73emZok4HBbpV41Afwoclga5LaKux8RV27lOA2lyQxeJFKNTWYQauJmWxxwXmwG7bgitbnIDh4eXA==",
        "dependencies": {
          "Microsoft.Extensions.Diagnostics": "9.0.10",
          "Microsoft.Extensions.Diagnostics.ExceptionSummarization": "9.10.0",
          "Microsoft.Extensions.Options.ConfigurationExtensions": "9.0.10",
          "Microsoft.Extensions.Telemetry.Abstractions": "9.10.0",
          "Polly.Extensions": "8.4.2",
          "Polly.RateLimiting": "8.4.2"
        }
      },
      "Microsoft.Extensions.ServiceDiscovery.Abstractions": {
        "type": "Transitive",
        "resolved": "9.5.1",
        "contentHash": "WX+iYR4xGXheNA0VErmNKsvscsqEdlo2fIcE+PjFznS83xn5wUm3311gy6+MWHmY1Eeo030SpVKUyPg040YffA==",
        "dependencies": {
          "Microsoft.Extensions.Configuration.Abstractions": "8.0.0",
          "Microsoft.Extensions.Configuration.Binder": "8.0.2",
          "Microsoft.Extensions.DependencyInjection.Abstractions": "8.0.2",
          "Microsoft.Extensions.Features": "8.0.20",
          "Microsoft.Extensions.Logging.Abstractions": "8.0.3",
          "Microsoft.Extensions.Options": "8.0.2",
          "Microsoft.Extensions.Primitives": "8.0.0"
        }
      },
      "Microsoft.Extensions.Telemetry": {
        "type": "Transitive",
        "resolved": "9.10.0",
        "contentHash": "FGEOTEjMB+1T69PLp5GrG4UOsIjcdNQcoiXpC+KV9NRejl6vSMLhVqQ6g6c+cxLXzx8xc2J90GAMhD1wPHjKHg==",
        "dependencies": {
          "Microsoft.Extensions.AmbientMetadata.Application": "9.10.0",
          "Microsoft.Extensions.DependencyInjection.AutoActivation": "9.10.0",
          "Microsoft.Extensions.Logging.Configuration": "9.0.10",
          "Microsoft.Extensions.ObjectPool": "9.0.10",
          "Microsoft.Extensions.Telemetry.Abstractions": "9.10.0"
        }
      },
      "Microsoft.Extensions.Telemetry.Abstractions": {
        "type": "Transitive",
        "resolved": "9.10.0",
        "contentHash": "hJflG5if8NqElmybxXDf38d4EPopOo9H+Qg6l5LKTsavqE4CFdA5DIPb9+jjAeL22FN+rs6KuuEIuBPS4PNXvw==",
        "dependencies": {
          "Microsoft.Extensions.Compliance.Abstractions": "9.10.0",
          "Microsoft.Extensions.Logging.Abstractions": "9.0.10",
          "Microsoft.Extensions.ObjectPool": "9.0.10",
          "Microsoft.Extensions.Options": "9.0.10"
        }
      },
      "Microsoft.NET.StringTools": {
        "type": "Transitive",
        "resolved": "17.6.3",
        "contentHash": "N0ZIanl1QCgvUumEL1laasU0a7sOE5ZwLZVTn0pAePnfhq8P7SvTjF8Axq+CnavuQkmdQpGNXQ1efZtu5kDFbA=="
      },
      "Microsoft.OpenApi": {
        "type": "Transitive",
        "resolved": "2.0.0",
        "contentHash": "GGYLfzV/G/ct80OZ45JxnWP7NvMX1BCugn/lX7TH5o0lcVaviavsLMTxmFV2AybXWjbi3h6FF1vgZiTK6PXndw=="
      },
      "Microsoft.Testing.Extensions.TrxReport.Abstractions": {
        "type": "Transitive",
        "resolved": "1.8.4",
        "contentHash": "jDGV5d9K5zeQG6I5ZHZrrXd0sO9up/XLpb5qI5W+FPGJx5JXx5yEiwkw0MIEykH9ydeMASPOmjbY/7jS++gYwA==",
        "dependencies": {
          "Microsoft.Testing.Platform": "1.8.4"
        }
      },
      "Microsoft.Testing.Platform": {
        "type": "Transitive",
        "resolved": "1.8.4",
        "contentHash": "MpYE6A13G9zLZjkDmy2Fm/R0MRkjBR75P0F8B1yLaUshaATixPlk2S2OE6u/rlqtqMkbEyM7F6wxc332gZpBpA=="
      },
      "Microsoft.Testing.Platform.MSBuild": {
        "type": "Transitive",
        "resolved": "1.8.4",
        "contentHash": "RnS7G0eXAopdIf/XPGFNW8HUwZxRq5iGX34rVYhyDUbLS7sF513yosd4P50GtjBKqOay4qb+WHYr4NkWjtUWzQ==",
        "dependencies": {
          "Microsoft.Testing.Platform": "1.8.4"
        }
      },
      "Microsoft.TestPlatform.ObjectModel": {
        "type": "Transitive",
        "resolved": "18.0.0",
        "contentHash": "Al/a99ymb8UdEEh6DKNiaoFn5i8fvX5PdM9LfU9Z/Q8NJrlyHHzF+LRHLbR+t89gRsJ2fFMpwYxgEn3eH1BQwA=="
      },
      "Microsoft.TestPlatform.TestHost": {
        "type": "Transitive",
        "resolved": "18.0.0",
        "contentHash": "aAxE8Thr9ZHGrljOYaDeLJqitQi75iE4xeEFn6CEGFirlHSn1KwpKPniuEn6zCLZ90Z3XqNlrC3ZJTuvBov45w==",
        "dependencies": {
          "Microsoft.TestPlatform.ObjectModel": "18.0.0",
          "Newtonsoft.Json": "13.0.3"
        }
      },
      "Microsoft.VisualStudio.Threading.Only": {
        "type": "Transitive",
        "resolved": "17.13.61",
        "contentHash": "vl5a2URJYCO5m+aZZtNlAXAMz28e2pUotRuoHD7RnCWOCeoyd8hWp5ZBaLNYq4iEj2oeJx5ZxiSboAjVmB20Qg==",
        "dependencies": {
          "Microsoft.VisualStudio.Validation": "17.8.8"
        }
      },
      "Microsoft.VisualStudio.Validation": {
        "type": "Transitive",
        "resolved": "17.8.8",
        "contentHash": "rWXThIpyQd4YIXghNkiv2+VLvzS+MCMKVRDR0GAMlflsdo+YcAN2g2r5U1Ah98OFjQMRexTFtXQQ2LkajxZi3g=="
      },
      "Microsoft.Win32.Registry": {
        "type": "Transitive",
        "resolved": "5.0.0",
        "contentHash": "dDoKi0PnDz31yAyETfRntsLArTlVAVzUzCIvvEDsDsucrl33Dl8pIJG06ePTJTI3tGpeyHS9Cq7Foc/s4EeKcg=="
      },
      "Nerdbank.Streams": {
        "type": "Transitive",
        "resolved": "2.12.87",
        "contentHash": "oDKOeKZ865I5X8qmU3IXMyrAnssYEiYWTobPGdrqubN3RtTzEHIv+D6fwhdcfrdhPJzHjCkK/ORztR/IsnmA6g==",
        "dependencies": {
          "Microsoft.VisualStudio.Threading.Only": "17.13.61",
          "Microsoft.VisualStudio.Validation": "17.8.8"
        }
      },
      "Newtonsoft.Json": {
        "type": "Transitive",
        "resolved": "13.0.3",
        "contentHash": "HrC5BXdl00IP9zeV+0Z848QWPAoCr9P3bDEZguI+gkLcBKAOxix/tLEAAHC+UvDNPv4a2d18lOReHMOagPa+zQ=="
      },
      "OpenTelemetry": {
        "type": "Transitive",
        "resolved": "1.13.1",
        "contentHash": "rrM2NlZ0Xla2Ar8zzU09n+HoLFq8b+Kjx7vrmR0tdYfWLYWGNcXHOITXUiyaK8RrFEceMEoF45VBsaf4QPmKcg==",
        "dependencies": {
          "Microsoft.Extensions.Diagnostics.Abstractions": "9.0.0",
          "Microsoft.Extensions.Logging.Configuration": "9.0.0",
          "OpenTelemetry.Api.ProviderBuilderExtensions": "1.13.1"
        }
      },
      "OpenTelemetry.Api": {
        "type": "Transitive",
        "resolved": "1.13.1",
        "contentHash": "tieglRERo7Rgu8oE8aamnuXCMPEW5fXIqO5ngTMCNk9pOEXanc0SdQ86ZAD1goNiGcjWHn+P3WMZp0FZSJgCoQ=="
      },
      "OpenTelemetry.Api.ProviderBuilderExtensions": {
        "type": "Transitive",
        "resolved": "1.13.1",
        "contentHash": "x8QXMsrIyp+XzDUFQAM+C4upAPNbwaBIPjTWEoonziWAav6weS8OxsMKrE4wz7Zly8ATlsoxk0mWZ+PHO3Wg0w==",
        "dependencies": {
          "Microsoft.Extensions.DependencyInjection.Abstractions": "9.0.0",
          "OpenTelemetry.Api": "1.13.1"
        }
      },
      "Polly.Core": {
        "type": "Transitive",
        "resolved": "8.6.3",
        "contentHash": "xRlcE+1FidqIfZ7zxBT6klSblJ/7MAJq1x5yvYoLnwNhs8Xc2gp3Srf8wHG2NpFxVBqrldc3svhkMPJjSzTmzw=="
      },
      "Polly.Extensions": {
        "type": "Transitive",
        "resolved": "8.6.3",
        "contentHash": "eBUOAYcByI5oqZgq8+5XoVG+l5pWq6V2Iis32QMjQGoevFImovRgpgRALmLQOcLa3NIahzjqVHo3sYC8ND1Deg==",
        "dependencies": {
          "Microsoft.Extensions.Logging.Abstractions": "8.0.0",
          "Microsoft.Extensions.Options": "8.0.0",
          "Polly.Core": "8.6.3"
        }
      },
      "Polly.RateLimiting": {
        "type": "Transitive",
        "resolved": "8.4.2",
        "contentHash": "ehTImQ/eUyO07VYW2WvwSmU9rRH200SKJ/3jku9rOkyWE0A2JxNFmAVms8dSn49QLSjmjFRRSgfNyOgr/2PSmA==",
        "dependencies": {
          "Polly.Core": "8.4.2",
          "System.Threading.RateLimiting": "8.0.0"
        }
      },
      "Semver": {
        "type": "Transitive",
        "resolved": "3.0.0",
        "contentHash": "9jZCicsVgTebqkAujRWtC9J1A5EQVlu0TVKHcgoCuv345ve5DYf4D1MjhKEnQjdRZo6x/vdv6QQrYFs7ilGzLA==",
        "dependencies": {
          "Microsoft.Extensions.Primitives": "5.0.1"
        }
      },
      "Shouldly": {
        "type": "Transitive",
        "resolved": "4.3.0",
        "contentHash": "sDetrWXrl6YXZ4HeLsdBoNk3uIa7K+V4uvIJ+cqdRa5DrFxeTED7VkjoxCuU1kJWpUuBDZz2QXFzSxBtVXLwRQ==",
        "dependencies": {
          "DiffEngine": "11.3.0",
          "EmptyFiles": "4.4.0"
        }
      },
      "StreamJsonRpc": {
        "type": "Transitive",
        "resolved": "2.22.11",
        "contentHash": "TQcqBFswLNpdSJANjhxZmIIe0Yl0kGqzjZ+uHLdhrkxntofvNu6C53XPEEYQ3Wkj8AorKumkuv/VMvTH4BHOZw==",
        "dependencies": {
          "MessagePack": "2.5.192",
          "Microsoft.VisualStudio.Threading.Only": "17.13.61",
          "Microsoft.VisualStudio.Validation": "17.8.8",
          "Nerdbank.Streams": "2.12.87",
          "Newtonsoft.Json": "13.0.3"
        }
      },
      "System.CodeDom": {
        "type": "Transitive",
        "resolved": "6.0.0",
        "contentHash": "CPc6tWO1LAer3IzfZufDBRL+UZQcj5uS207NHALQzP84Vp/z6wF0Aa0YZImOQY8iStY0A2zI/e3ihKNPfUm8XA=="
      },
      "System.Diagnostics.EventLog": {
        "type": "Transitive",
        "resolved": "9.0.9",
        "contentHash": "wpsUfnyv8E5K4WQaok6weewvAbQhcLwXFcHBm5U0gdEaBs85N//ssuYvRPFWwz2rO/9/DFP3A1sGMzUFBj8y3w=="
      },
      "System.IO.Hashing": {
        "type": "Transitive",
        "resolved": "9.0.8",
        "contentHash": "5TJUS9EIYrp0VEcm06EPYxXmLmsVUakewFnM/CAxQfvlasI9fGkTKM9afSf2dodZcMCzFna/o7Fn+gYRt3uTiA=="
      },
      "System.Management": {
        "type": "Transitive",
        "resolved": "6.0.1",
        "contentHash": "10J1D0h/lioojphfJ4Fuh5ZUThT/xOVHdV9roGBittKKNP2PMjrvibEdbVTGZcPra1399Ja3tqIJLyQrc5Wmhg==",
        "dependencies": {
          "System.CodeDom": "6.0.0"
        }
      },
      "System.Threading.RateLimiting": {
        "type": "Transitive",
        "resolved": "8.0.0",
        "contentHash": "7mu9v0QDv66ar3DpGSZHg9NuNcxDaaAcnMULuZlaTpP9+hwXhrxNGsF5GmLkSHxFdb5bBc1TzeujsRgTrPWi+Q=="
      },
      "xunit.analyzers": {
        "type": "Transitive",
        "resolved": "1.24.0",
        "contentHash": "kxaoMFFZcQ+mJudaKKlt3gCqV6M6Gjbka0NEs8JFDrxn52O7w5OOnYfSYVfqusk8p7pxrGdjgaQHlGINsNZHAQ=="
      },
      "xunit.v3.assert": {
        "type": "Transitive",
        "resolved": "3.1.0",
        "contentHash": "tSNOA4DC5toh9zv8todoQSxp6YBMER2VaH5Ll+FYotqxRei16HLQo7G4KDHNFaqUjnaSGpEcfeYMab+bFI/1kQ=="
      },
      "xunit.v3.common": {
        "type": "Transitive",
        "resolved": "3.1.0",
        "contentHash": "3rSyFF6L2wxYKu0MfdDzTD0nVBtNs9oi32ucmU415UTJ6nJ5DzlZAGmmoP7/w0C/vHFNgk/GjUsCyPUlL3/99g==",
        "dependencies": {
          "Microsoft.Bcl.AsyncInterfaces": "6.0.0"
        }
      },
      "xunit.v3.core": {
        "type": "Transitive",
        "resolved": "3.1.0",
        "contentHash": "YYO0+i0QJtcf1f5bPxCX5EQeb3yDypCEbS27Qcgm7Lx7yuXpn5tJOqMRv16PX61g9hBE8c4sc7hmkNS84IO/mA==",
        "dependencies": {
          "Microsoft.Testing.Platform.MSBuild": "1.8.4",
          "xunit.v3.extensibility.core": "[3.1.0]",
          "xunit.v3.runner.inproc.console": "[3.1.0]"
        }
      },
      "xunit.v3.extensibility.core": {
        "type": "Transitive",
        "resolved": "3.1.0",
        "contentHash": "oGehqTol13t6pBLS17299+KTTVUarJGt4y3lCpVToEH+o2B8dna3admYoqc2XZRQrNZSOe1ZvWBkjokbI1dVUA==",
        "dependencies": {
          "xunit.v3.common": "[3.1.0]"
        }
      },
      "xunit.v3.runner.common": {
        "type": "Transitive",
        "resolved": "3.1.0",
        "contentHash": "8ezzVVYpsrNUWVNfh1uECbgreATn2SOINkNU5H6y6439JLEWdYx3YYJc/jAWrgmOM6bn9l/nM3vxtD398gqQBQ==",
        "dependencies": {
          "Microsoft.Win32.Registry": "[5.0.0]",
          "xunit.v3.common": "[3.1.0]"
        }
      },
      "xunit.v3.runner.inproc.console": {
        "type": "Transitive",
        "resolved": "3.1.0",
        "contentHash": "xoa7bjOv2KwYKwfkJGGrkboZr5GitlQaX3/9FlIz7BFt/rwAVFShZpCcIHj281Vqpo9RNfnG4mwvbhApJykIiw==",
        "dependencies": {
          "Microsoft.Testing.Extensions.TrxReport.Abstractions": "1.8.4",
          "Microsoft.Testing.Platform": "1.8.4",
          "xunit.v3.extensibility.core": "[3.1.0]",
          "xunit.v3.runner.common": "[3.1.0]"
        }
      },
      "YamlDotNet": {
        "type": "Transitive",
        "resolved": "16.3.0",
        "contentHash": "SgMOdxbz8X65z8hraIs6hOEdnkH6hESTAIUa7viEngHOYaH+6q5XJmwr1+yb9vJpNQ19hCQY69xbFsLtXpobQA=="
      },
      "api": {
        "type": "Project",
        "dependencies": {
          "Microsoft.AspNetCore.OpenApi": "[10.0.0-rc.1.25451.107, )",
          "ServiceDefaults": "[1.0.0, )"
        }
      },
      "apphost": {
        "type": "Project",
        "dependencies": {
          "Aspire.Dashboard.Sdk.win-x64": "[9.5.1, )",
          "Aspire.Hosting.AppHost": "[9.5.1, )",
          "Aspire.Hosting.Docker": "[9.5.1-preview.1.25502.11, )",
          "Aspire.Hosting.Orchestration.win-x64": "[9.5.1, )"
        }
      },
      "servicedefaults": {
        "type": "Project",
        "dependencies": {
          "Microsoft.Extensions.Http.Resilience": "[9.10.0, )",
          "Microsoft.Extensions.ServiceDiscovery": "[9.5.1, )",
          "OpenTelemetry.Exporter.OpenTelemetryProtocol": "[1.13.1, )",
          "OpenTelemetry.Extensions.Hosting": "[1.13.1, )",
          "OpenTelemetry.Instrumentation.AspNetCore": "[1.12.0, )",
          "OpenTelemetry.Instrumentation.Http": "[1.12.0, )",
          "OpenTelemetry.Instrumentation.Runtime": "[1.12.0, )",
          "System.Linq.Async": "[6.0.3, )"
        }
      },
      "Aspire.Hosting.AppHost": {
        "type": "CentralTransitive",
        "requested": "[9.5.1, )",
        "resolved": "9.5.1",
        "contentHash": "pgfoff0TJggue6XyGx01LOZtMp3GLhohRggMK8L3dBAeg4Jm1QIiQiLJC1GFOFXnQMBDHICf25aRbw4/hcSCPA==",
        "dependencies": {
          "AspNetCore.HealthChecks.Uris": "9.0.0",
          "Aspire.Hosting": "9.5.1",
          "Google.Protobuf": "3.32.0",
          "Grpc.AspNetCore": "2.71.0",
          "Grpc.Net.ClientFactory": "2.71.0",
          "Grpc.Tools": "2.72.0",
          "Humanizer.Core": "2.14.1",
          "JsonPatch.Net": "3.3.0",
          "KubernetesClient": "17.0.14",
          "Microsoft.Extensions.Configuration.Abstractions": "9.0.9",
          "Microsoft.Extensions.Configuration.Binder": "9.0.9",
          "Microsoft.Extensions.DependencyInjection.Abstractions": "9.0.9",
          "Microsoft.Extensions.Diagnostics.HealthChecks": "9.0.9",
          "Microsoft.Extensions.Hosting": "9.0.9",
          "Microsoft.Extensions.Hosting.Abstractions": "9.0.9",
          "Microsoft.Extensions.Http": "9.0.9",
          "Microsoft.Extensions.Logging.Abstractions": "9.0.9",
          "Microsoft.Extensions.Options": "9.0.9",
          "Microsoft.Extensions.Primitives": "9.0.9",
          "Newtonsoft.Json": "13.0.3",
          "Polly.Core": "8.6.3",
          "Semver": "3.0.0",
          "StreamJsonRpc": "2.22.11",
          "System.IO.Hashing": "9.0.8"
        }
      },
      "Aspire.Hosting.Docker": {
        "type": "CentralTransitive",
        "requested": "[9.5.1-preview.1.25502.11, )",
        "resolved": "9.5.1-preview.1.25502.11",
        "contentHash": "JmYBwwrhKy/whISzpNRJ0PV+Se7JOKgk8xoSdkDOAiOLkuhdTIFyuoS0IXkLLyfck/QO9TkTc7uIxko9WA19cA==",
        "dependencies": {
          "AspNetCore.HealthChecks.Uris": "9.0.0",
          "Aspire.Hosting": "9.5.1",
          "Google.Protobuf": "3.32.0",
          "Grpc.AspNetCore": "2.71.0",
          "Grpc.Net.ClientFactory": "2.71.0",
          "Grpc.Tools": "2.72.0",
          "Humanizer.Core": "2.14.1",
          "JsonPatch.Net": "3.3.0",
          "KubernetesClient": "17.0.14",
          "Microsoft.Extensions.Configuration.Abstractions": "8.0.0",
          "Microsoft.Extensions.Configuration.Binder": "8.0.2",
          "Microsoft.Extensions.DependencyInjection.Abstractions": "8.0.2",
          "Microsoft.Extensions.Diagnostics.HealthChecks": "8.0.20",
          "Microsoft.Extensions.Hosting": "8.0.1",
          "Microsoft.Extensions.Hosting.Abstractions": "8.0.1",
          "Microsoft.Extensions.Http": "8.0.1",
          "Microsoft.Extensions.Logging.Abstractions": "8.0.3",
          "Microsoft.Extensions.Options": "8.0.2",
          "Microsoft.Extensions.Primitives": "8.0.0",
          "Newtonsoft.Json": "13.0.3",
          "Polly.Core": "8.6.3",
          "Semver": "3.0.0",
          "StreamJsonRpc": "2.22.11",
          "System.IO.Hashing": "9.0.8"
        }
      },
      "Microsoft.AspNetCore.OpenApi": {
        "type": "CentralTransitive",
        "requested": "[10.0.0-rc.1.25451.107, )",
        "resolved": "10.0.0-rc.1.25451.107",
        "contentHash": "qDH09sfjprh4NnjJbg0LX07G/xFn1AEB4B0zphrWFkC/OhtJHv+MnGi2NU9KbXwnHedIBrmMDGt0MSD+Ipo53g==",
        "dependencies": {
          "Microsoft.OpenApi": "2.0.0"
        }
      },
      "Microsoft.Extensions.Http.Resilience": {
        "type": "CentralTransitive",
        "requested": "[9.10.0, )",
        "resolved": "9.10.0",
        "contentHash": "4Bt58q+Oqpj4VYm3T7hcmsb1zVhmUTNNggDkjlWBIv3bv6MVRPGqIokK2tRHsD8bM4i3GkJLRWe8lQwbsWS6PQ==",
        "dependencies": {
          "Microsoft.Extensions.Http.Diagnostics": "9.10.0",
          "Microsoft.Extensions.ObjectPool": "9.0.10",
          "Microsoft.Extensions.Resilience": "9.10.0"
        }
      },
      "Microsoft.Extensions.ServiceDiscovery": {
        "type": "CentralTransitive",
        "requested": "[9.5.1, )",
        "resolved": "9.5.1",
        "contentHash": "gyW95LjZDwgUKNDRMMTt6QY0hVoQ82RchQEVqS6eecoUT+K76ioL5FouEf10XdBLWqo9B8rxB96oKZ3DGhxbXg==",
        "dependencies": {
          "Microsoft.Extensions.Configuration.Abstractions": "8.0.0",
          "Microsoft.Extensions.Configuration.Binder": "8.0.2",
          "Microsoft.Extensions.DependencyInjection.Abstractions": "8.0.2",
          "Microsoft.Extensions.Features": "8.0.20",
          "Microsoft.Extensions.Http": "8.0.1",
          "Microsoft.Extensions.Logging.Abstractions": "8.0.3",
          "Microsoft.Extensions.Options": "8.0.2",
          "Microsoft.Extensions.Primitives": "8.0.0",
          "Microsoft.Extensions.ServiceDiscovery.Abstractions": "9.5.1"
        }
      },
      "OpenTelemetry.Exporter.OpenTelemetryProtocol": {
        "type": "CentralTransitive",
        "requested": "[1.13.1, )",
        "resolved": "1.13.1",
        "contentHash": "WFqOpqMkjd8lM/asQRgfLP72UCqThQIGoylDgoYR8x0Bh9UCrdmBJCDU4pVZgI9CtSq1sWXeQuUsRXAl5U4yKg==",
        "dependencies": {
          "OpenTelemetry": "1.13.1"
        }
      },
      "OpenTelemetry.Extensions.Hosting": {
        "type": "CentralTransitive",
        "requested": "[1.13.1, )",
        "resolved": "1.13.1",
        "contentHash": "gULeizu0WH4YxnVltLO/Ml12aGxpk2Qrz3dm3MUgohQ/Y8HsGDzuAhawEP1eas6dMO61PJta1dy6KqNbVIJQyw==",
        "dependencies": {
          "Microsoft.Extensions.Hosting.Abstractions": "9.0.0",
          "OpenTelemetry": "1.13.1"
        }
      },
      "OpenTelemetry.Instrumentation.AspNetCore": {
        "type": "CentralTransitive",
        "requested": "[1.12.0, )",
        "resolved": "1.12.0",
        "contentHash": "r+Mzggd2P4N0Y34QIO6kakVPBOKFYSHnLkTrXXM+r37ABp+iaUvVUe+u/uxszsi5f7P5mrG0uYYaJ1QGHvzo3A==",
        "dependencies": {
          "OpenTelemetry.Api.ProviderBuilderExtensions": "[1.12.0, 2.0.0)"
        }
      },
      "OpenTelemetry.Instrumentation.Http": {
        "type": "CentralTransitive",
        "requested": "[1.12.0, )",
        "resolved": "1.12.0",
        "contentHash": "0rW+MbHgUQAdbvBtRxPYoQBosbNdWegL7cYkRlxq+KQ/VFyU8itt4pWTccmu1/FWmTgqJyT3LaujyDZoRrm8Yg==",
        "dependencies": {
          "Microsoft.Extensions.Configuration": "9.0.0",
          "Microsoft.Extensions.Options": "9.0.0",
          "OpenTelemetry.Api.ProviderBuilderExtensions": "[1.12.0, 2.0.0)"
        }
      },
      "OpenTelemetry.Instrumentation.Runtime": {
        "type": "CentralTransitive",
        "requested": "[1.12.0, )",
        "resolved": "1.12.0",
        "contentHash": "xmd0TAm2x+T3ztdf5BolIwLPh+Uy6osaBeIQtCXv611PN7h/Pnhsjg5lU2hkAWj7M7ns74U5wtVpS8DXmJ+94w==",
        "dependencies": {
          "OpenTelemetry.Api": "[1.12.0, 2.0.0)"
        }
      },
      "System.Linq.Async": {
        "type": "CentralTransitive",
        "requested": "[6.0.3, )",
        "resolved": "6.0.3",
        "contentHash": "hSHiq2m1ky7zUQgTp+/2h1K3lABIQ+GltRixoclHPg/Sc1vnfeS6g/Uy5moOVZKrZJdQiFPFZd6OobBp3tZcFg=="
      }
    }
  }
}